
Microsoft Visual Studio Solution File, Format Version 12.00
# Visual Studio Version 17
VisualStudioVersion = 17.11.35303.130
MinimumVisualStudioVersion = 10.0.40219.1
Project("{FAE04EC0-301F-11D3-BF4B-00C04F79EFBC}") = "CourseProject.API", "CourseProject.API\CourseProject.API.csproj", "{5A72727F-C0B4-455F-BC22-579456F00635}"
EndProject
Project("{FAE04EC0-301F-11D3-BF4B-00C04F79EFBC}") = "CourseProject.Core", "CourseProject.Core\CourseProject.Core.csproj", "{3421BF46-49B2-43CF-94BD-F7CC08FD4D14}"
EndProject
Project("{FAE04EC0-301F-11D3-BF4B-00C04F79EFBC}") = "CourseProject.DAL", "CourseProject.DAL\CourseProject.DAL.csproj", "{F23A3AF0-744D-4C2D-A228-A757293D715A}"
EndProject
Project("{FAE04EC0-301F-11D3-BF4B-00C04F79EFBC}") = "CourseProject.BLL", "CourseProject.BLL\CourseProject.BLL.csproj", "{23EAB47A-29A0-43A6-BF29-A5BB0C7E8F4D}"
EndProject
Global
	GlobalSection(SolutionConfigurationPlatforms) = preSolution
		Debug|Any CPU = Debug|Any CPU
		Release|Any CPU = Release|Any CPU
	EndGlobalSection
	GlobalSection(ProjectConfigurationPlatforms) = postSolution
		{5A72727F-C0B4-455F-BC22-579456F00635}.Debug|Any CPU.ActiveCfg = Debug|Any CPU
		{5A72727F-C0B4-455F-BC22-579456F00635}.Debug|Any CPU.Build.0 = Debug|Any CPU
		{5A72727F-C0B4-455F-BC22-579456F00635}.Release|Any CPU.ActiveCfg = Release|Any CPU
		{5A72727F-C0B4-455F-BC22-579456F00635}.Release|Any CPU.Build.0 = Release|Any CPU
		{3421BF46-49B2-43CF-94BD-F7CC08FD4D14}.Debug|Any CPU.ActiveCfg = Debug|Any CPU
		{3421BF46-49B2-43CF-94BD-F7CC08FD4D14}.Debug|Any CPU.Build.0 = Debug|Any CPU
		{3421BF46-49B2-43CF-94BD-F7CC08FD4D14}.Release|Any CPU.ActiveCfg = Release|Any CPU
		{3421BF46-49B2-43CF-94BD-F7CC08FD4D14}.Release|Any CPU.Build.0 = Release|Any CPU
		{F23A3AF0-744D-4C2D-A228-A757293D715A}.Debug|Any CPU.ActiveCfg = Debug|Any CPU
		{F23A3AF0-744D-4C2D-A228-A757293D715A}.Debug|Any CPU.Build.0 = Debug|Any CPU
		{F23A3AF0-744D-4C2D-A228-A757293D715A}.Release|Any CPU.ActiveCfg = Release|Any CPU
		{F23A3AF0-744D-4C2D-A228-A757293D715A}.Release|Any CPU.Build.0 = Release|Any CPU
		{23EAB47A-29A0-43A6-BF29-A5BB0C7E8F4D}.Debug|Any CPU.ActiveCfg = Debug|Any CPU
		{23EAB47A-29A0-43A6-BF29-A5BB0C7E8F4D}.Debug|Any CPU.Build.0 = Debug|Any CPU
		{23EAB47A-29A0-43A6-BF29-A5BB0C7E8F4D}.Release|Any CPU.ActiveCfg = Release|Any CPU
		{23EAB47A-29A0-43A6-BF29-A5BB0C7E8F4D}.Release|Any CPU.Build.0 = Release|Any CPU
	EndGlobalSection
	GlobalSection(SolutionProperties) = preSolution
		HideSolutionNode = FALSE
	EndGlobalSection
	GlobalSection(ExtensibilityGlobals) = postSolution
		SolutionGuid = {ECC0C779-02B7-4F8D-90BC-F3C318AA627B}
	EndGlobalSection
EndGlobal
